
Microsoft Visual Studio Solution File, Format Version 11.00
# Visual Studio 2010
Project("{FAE04EC0-301F-11D3-BF4B-00C04F79EFBC}") = "night_in_Shining_armor_Unity", "Assembly-CSharp.csproj", "{F1E92C51-7854-1B9C-8F71-D5E8EBCBBC16}"
EndProject
Project("{FAE04EC0-301F-11D3-BF4B-00C04F79EFBC}") = "night_in_Shining_armor_Unity", "Assembly-CSharp-Editor.csproj", "{B1439359-1441-D3FE-56CD-4433C1CD8854}"
EndProject
Global
	GlobalSection(SolutionConfigurationPlatforms) = preSolution
		Debug|Any CPU = Debug|Any CPU
		Release|Any CPU = Release|Any CPU
	EndGlobalSection
	GlobalSection(ProjectConfigurationPlatforms) = postSolution
		{F1E92C51-7854-1B9C-8F71-D5E8EBCBBC16}.Debug|Any CPU.ActiveCfg = Debug|Any CPU
		{F1E92C51-7854-1B9C-8F71-D5E8EBCBBC16}.Debug|Any CPU.Build.0 = Debug|Any CPU
		{F1E92C51-7854-1B9C-8F71-D5E8EBCBBC16}.Release|Any CPU.ActiveCfg = Release|Any CPU
		{F1E92C51-7854-1B9C-8F71-D5E8EBCBBC16}.Release|Any CPU.Build.0 = Release|Any CPU
		{B1439359-1441-D3FE-56CD-4433C1CD8854}.Debug|Any CPU.ActiveCfg = Debug|Any CPU
		{B1439359-1441-D3FE-56CD-4433C1CD8854}.Debug|Any CPU.Build.0 = Debug|Any CPU
		{B1439359-1441-D3FE-56CD-4433C1CD8854}.Release|Any CPU.ActiveCfg = Release|Any CPU
		{B1439359-1441-D3FE-56CD-4433C1CD8854}.Release|Any CPU.Build.0 = Release|Any CPU
	EndGlobalSection
	GlobalSection(SolutionProperties) = preSolution
		HideSolutionNode = FALSE
	EndGlobalSection
	GlobalSection(MonoDevelopProperties) = preSolution
		StartupItem = Assembly-CSharp.csproj
	EndGlobalSection
EndGlobal
