Microsoft Visual Studio Solution File, Format Version 11.00
# Visual Studio 2008

Project("{0C89FBB2-F437-4651-2F32-E23667CD8002}") = "Action RPGTutorial", "Assembly-CSharp.csproj", "{D790C304-6D30-644D-B879-BB0B8522B343}"
EndProject
Project("{0C89FBB2-F437-4651-2F32-E23667CD8002}") = "Action RPGTutorial", "Assembly-CSharp-Editor.csproj", "{D967024D-3DAB-4331-D8B4-D495684B63A8}"
EndProject
Global
	GlobalSection(SolutionConfigurationPlatforms) = preSolution
		Debug|Any CPU = Debug|Any CPU
		Release|Any CPU = Release|Any CPU
	EndGlobalSection
	GlobalSection(ProjectConfigurationPlatforms) = postSolution
		{D790C304-6D30-644D-B879-BB0B8522B343}.Debug|Any CPU.ActiveCfg = Debug|Any CPU
		{D790C304-6D30-644D-B879-BB0B8522B343}.Debug|Any CPU.Build.0 = Debug|Any CPU
		{D790C304-6D30-644D-B879-BB0B8522B343}.Release|Any CPU.ActiveCfg = Release|Any CPU
		{D790C304-6D30-644D-B879-BB0B8522B343}.Release|Any CPU.Build.0 = Release|Any CPU
		{D967024D-3DAB-4331-D8B4-D495684B63A8}.Debug|Any CPU.ActiveCfg = Debug|Any CPU
		{D967024D-3DAB-4331-D8B4-D495684B63A8}.Debug|Any CPU.Build.0 = Debug|Any CPU
		{D967024D-3DAB-4331-D8B4-D495684B63A8}.Release|Any CPU.ActiveCfg = Release|Any CPU
		{D967024D-3DAB-4331-D8B4-D495684B63A8}.Release|Any CPU.Build.0 = Release|Any CPU
	EndGlobalSection
	GlobalSection(SolutionProperties) = preSolution
		HideSolutionNode = FALSE
	EndGlobalSection
	GlobalSection(MonoDevelopProperties) = preSolution
		StartupItem = Assembly-CSharp.csproj
	EndGlobalSection
EndGlobal
